
Microsoft Visual Studio Solution File, Format Version 12.00
# Visual Studio Version 17
VisualStudioVersion = 17.6.33723.286
MinimumVisualStudioVersion = 10.0.40219.1
Project("{FAE04EC0-301F-11D3-BF4B-00C04F79EFBC}") = "MuliNet.Example", "MuliNet.Example.csproj", "{FEB4D9E5-A7B9-4268-B98F-39A7FF22EF4B}"
EndProject
Global
	GlobalSection(SolutionConfigurationPlatforms) = preSolution
		Debug|Any CPU = Debug|Any CPU
		Release|Any CPU = Release|Any CPU
	EndGlobalSection
	GlobalSection(ProjectConfigurationPlatforms) = postSolution
		{FEB4D9E5-A7B9-4268-B98F-39A7FF22EF4B}.Debug|Any CPU.ActiveCfg = Debug|Any CPU
		{FEB4D9E5-A7B9-4268-B98F-39A7FF22EF4B}.Debug|Any CPU.Build.0 = Debug|Any CPU
		{FEB4D9E5-A7B9-4268-B98F-39A7FF22EF4B}.Release|Any CPU.ActiveCfg = Release|Any CPU
		{FEB4D9E5-A7B9-4268-B98F-39A7FF22EF4B}.Release|Any CPU.Build.0 = Release|Any CPU
	EndGlobalSection
	GlobalSection(SolutionProperties) = preSolution
		HideSolutionNode = FALSE
	EndGlobalSection
	GlobalSection(ExtensibilityGlobals) = postSolution
		SolutionGuid = {53D962F1-B968-4F3F-8DE7-01E131849F0C}
	EndGlobalSection
EndGlobal
